
Microsoft Visual Studio Solution File, Format Version 12.00
# Visual Studio 2013
VisualStudioVersion = 12.0.31101.0
MinimumVisualStudioVersion = 10.0.40219.1
Project("{FAE04EC0-301F-11D3-BF4B-00C04F79EFBC}") = "glassfactory", "glassfactory\glassfactory.csproj", "{56E49503-B14D-4046-A06C-E3B1F1A972AB}"
EndProject
Global
	GlobalSection(SolutionConfigurationPlatforms) = preSolution
		Debug|Any CPU = Debug|Any CPU
		Release|Any CPU = Release|Any CPU
	EndGlobalSection
	GlobalSection(ProjectConfigurationPlatforms) = postSolution
		{56E49503-B14D-4046-A06C-E3B1F1A972AB}.Debug|Any CPU.ActiveCfg = Debug|Any CPU
		{56E49503-B14D-4046-A06C-E3B1F1A972AB}.Debug|Any CPU.Build.0 = Debug|Any CPU
		{56E49503-B14D-4046-A06C-E3B1F1A972AB}.Release|Any CPU.ActiveCfg = Release|Any CPU
		{56E49503-B14D-4046-A06C-E3B1F1A972AB}.Release|Any CPU.Build.0 = Release|Any CPU
	EndGlobalSection
	GlobalSection(SolutionProperties) = preSolution
		HideSolutionNode = FALSE
	EndGlobalSection
EndGlobal
